// !$*UTF8*$!
{
	archiveVersion = 1;
	classes = {
	};
	objectVersion = 56;
	objects = {

/* Begin PBXBuildFile section */
		0254B176296EEC3F00B1AE29 /* AppDelegate.m in Sources */ = {isa = PBXBuildFile; fileRef = 0254B175296EEC3F00B1AE29 /* AppDelegate.m */; };
		0254B179296EEC3F00B1AE29 /* SceneDelegate.m in Sources */ = {isa = PBXBuildFile; fileRef = 0254B178296EEC3F00B1AE29 /* SceneDelegate.m */; };
		0254B17C296EEC3F00B1AE29 /* ViewController.m in Sources */ = {isa = PBXBuildFile; fileRef = 0254B17B296EEC3F00B1AE29 /* ViewController.m */; };
		0254B17F296EEC3F00B1AE29 /* Main.storyboard in Resources */ = {isa = PBXBuildFile; fileRef = 0254B17D296EEC3F00B1AE29 /* Main.storyboard */; };
		0254B181296EEC4100B1AE29 /* Assets.xcassets in Resources */ = {isa = PBXBuildFile; fileRef = 0254B180296EEC4100B1AE29 /* Assets.xcassets */; };
		0254B184296EEC4100B1AE29 /* LaunchScreen.storyboard in Resources */ = {isa = PBXBuildFile; fileRef = 0254B182296EEC4100B1AE29 /* LaunchScreen.storyboard */; };
		0254B187296EEC4100B1AE29 /* main.m in Sources */ = {isa = PBXBuildFile; fileRef = 0254B186296EEC4100B1AE29 /* main.m */; };
/* End PBXBuildFile section */

/* Begin PBXFileReference section */
		0254B171296EEC3F00B1AE29 /* ParseOBJ_dame.app */ = {isa = PBXFileReference; explicitFileType = wrapper.application; includeInIndex = 0; path = ParseOBJ_dame.app; sourceTree = BUILT_PRODUCTS_DIR; };
		0254B174296EEC3F00B1AE29 /* AppDelegate.h */ = {isa = PBXFileReference; lastKnownFileType = sourcecode.c.h; path = AppDelegate.h; sourceTree = "<group>"; };
		0254B175296EEC3F00B1AE29 /* AppDelegate.m */ = {isa = PBXFileReference; lastKnownFileType = sourcecode.c.objc; path = AppDelegate.m; sourceTree = "<group>"; };
		0254B177296EEC3F00B1AE29 /* SceneDelegate.h */ = {isa = PBXFileReference; lastKnownFileType = sourcecode.c.h; path = SceneDelegate.h; sourceTree = "<group>"; };
		0254B178296EEC3F00B1AE29 /* SceneDelegate.m */ = {isa = PBXFileReference; lastKnownFileType = sourcecode.c.objc; path = SceneDelegate.m; sourceTree = "<group>"; };
		0254B17A296EEC3F00B1AE29 /* ViewController.h */ = {isa = PBXFileReference; lastKnownFileType = sourcecode.c.h; path = ViewController.h; sourceTree = "<group>"; };
		0254B17B296EEC3F00B1AE29 /* ViewController.m */ = {isa = PBXFileReference; lastKnownFileType = sourcecode.c.objc; path = ViewController.m; sourceTree = "<group>"; };
		0254B17E296EEC3F00B1AE29 /* Base */ = {isa = PBXFileReference; lastKnownFileType = file.storyboard; name = Base; path = Base.lproj/Main.storyboard; sourceTree = "<group>"; };
		0254B180296EEC4100B1AE29 /* Assets.xcassets */ = {isa = PBXFileReference; lastKnownFileType = folder.assetcatalog; path = Assets.xcassets; sourceTree = "<group>"; };
		0254B183296EEC4100B1AE29 /* Base */ = {isa = PBXFileReference; lastKnownFileType = file.storyboard; name = Base; path = Base.lproj/LaunchScreen.storyboard; sourceTree = "<group>"; };
		0254B185296EEC4100B1AE29 /* Info.plist */ = {isa = PBXFileReference; lastKnownFileType = text.plist.xml; path = Info.plist; sourceTree = "<group>"; };
		0254B186296EEC4100B1AE29 /* main.m */ = {isa = PBXFileReference; lastKnownFileType = sourcecode.c.objc; path = main.m; sourceTree = "<group>"; };
/* End PBXFileReference section */

/* Begin PBXFrameworksBuildPhase section */
		0254B16E296EEC3F00B1AE29 /* Frameworks */ = {
			isa = PBXFrameworksBuildPhase;
			buildActionMask = 2147483647;
			files = (
			);
			runOnlyForDeploymentPostprocessing = 0;
		};
/* End PBXFrameworksBuildPhase section */

/* Begin PBXGroup section */
		0254B168296EEC3F00B1AE29 = {
			isa = PBXGroup;
			children = (
				0254B173296EEC3F00B1AE29 /* ParseOBJ_dame */,
				0254B172296EEC3F00B1AE29 /* Products */,
			);
			sourceTree = "<group>";
		};
		0254B172296EEC3F00B1AE29 /* Products */ = {
			isa = PBXGroup;
			children = (
				0254B171296EEC3F00B1AE29 /* ParseOBJ_dame.app */,
			);
			name = Products;
			sourceTree = "<group>";
		};
		0254B173296EEC3F00B1AE29 /* ParseOBJ_dame */ = {
			isa = PBXGroup;
			children = (
				0254B174296EEC3F00B1AE29 /* AppDelegate.h */,
				0254B175296EEC3F00B1AE29 /* AppDelegate.m */,
				0254B177296EEC3F00B1AE29 /* SceneDelegate.h */,
				0254B178296EEC3F00B1AE29 /* SceneDelegate.m */,
				0254B17A296EEC3F00B1AE29 /* ViewController.h */,
				0254B17B296EEC3F00B1AE29 /* ViewController.m */,
				0254B17D296EEC3F00B1AE29 /* Main.storyboard */,
				0254B180296EEC4100B1AE29 /* Assets.xcassets */,
				0254B182296EEC4100B1AE29 /* LaunchScreen.storyboard */,
				0254B185296EEC4100B1AE29 /* Info.plist */,
				0254B186296EEC4100B1AE29 /* main.m */,
			);
			path = ParseOBJ_dame;
			sourceTree = "<group>";
		};
/* End PBXGroup section */

/* Begin PBXNativeTarget section */
		0254B170296EEC3F00B1AE29 /* ParseOBJ_dame */ = {
			isa = PBXNativeTarget;
			buildConfigurationList = 0254B18A296EEC4100B1AE29 /* Build configuration list for PBXNativeTarget "ParseOBJ_dame" */;
			buildPhases = (
				0254B16D296EEC3F00B1AE29 /* Sources */,
				0254B16E296EEC3F00B1AE29 /* Frameworks */,
				0254B16F296EEC3F00B1AE29 /* Resources */,
			);
			buildRules = (
			);
			dependencies = (
			);
			name = ParseOBJ_dame;
			productName = ParseOBJ_dame;
			productReference = 0254B171296EEC3F00B1AE29 /* ParseOBJ_dame.app */;
			productType = "com.apple.product-type.application";
		};
/* End PBXNativeTarget section */

/* Begin PBXProject section */
		0254B169296EEC3F00B1AE29 /* Project object */ = {
			isa = PBXProject;
			attributes = {
				BuildIndependentTargetsInParallel = 1;
				LastUpgradeCheck = 1420;
				TargetAttributes = {
					0254B170296EEC3F00B1AE29 = {
						CreatedOnToolsVersion = 14.2;
					};
				};
			};
			buildConfigurationList = 0254B16C296EEC3F00B1AE29 /* Build configuration list for PBXProject "ParseOBJ_dame" */;
			compatibilityVersion = "Xcode 14.0";
			developmentRegion = en;
			hasScannedForEncodings = 0;
			knownRegions = (
				en,
				Base,
			);
			mainGroup = 0254B168296EEC3F00B1AE29;
			productRefGroup = 0254B172296EEC3F00B1AE29 /* Products */;
			projectDirPath = "";
			projectRoot = "";
			targets = (
				0254B170296EEC3F00B1AE29 /* ParseOBJ_dame */,
			);
		};
/* End PBXProject section */

/* Begin PBXResourcesBuildPhase section */
		0254B16F296EEC3F00B1AE29 /* Resources */ = {
			isa = PBXResourcesBuildPhase;
			buildActionMask = 2147483647;
			files = (
				0254B184296EEC4100B1AE29 /* LaunchScreen.storyboard in Resources */,
				0254B181296EEC4100B1AE29 /* Assets.xcassets in Resources */,
				0254B17F296EEC3F00B1AE29 /* Main.storyboard in Resources */,
			);
			runOnlyForDeploymentPostprocessing = 0;
		};
/* End PBXResourcesBuildPhase section */

/* Begin PBXSourcesBuildPhase section */
		0254B16D296EEC3F00B1AE29 /* Sources */ = {
			isa = PBXSourcesBuildPhase;
			buildActionMask = 2147483647;
			files = (
				0254B17C296EEC3F00B1AE29 /* ViewController.m in Sources */,
				0254B176296EEC3F00B1AE29 /* AppDelegate.m in Sources */,
				0254B187296EEC4100B1AE29 /* main.m in Sources */,
				0254B179296EEC3F00B1AE29 /* SceneDelegate.m in Sources */,
			);
			runOnlyForDeploymentPostprocessing = 0;
		};
/* End PBXSourcesBuildPhase section */

/* Begin PBXVariantGroup section */
		0254B17D296EEC3F00B1AE29 /* Main.storyboard */ = {
			isa = PBXVariantGroup;
			children = (
				0254B17E296EEC3F00B1AE29 /* Base */,
			);
			name = Main.storyboard;
			sourceTree = "<group>";
		};
		0254B182296EEC4100B1AE29 /* LaunchScreen.storyboard */ = {
			isa = PBXVariantGroup;
			children = (
				0254B183296EEC4100B1AE29 /* Base */,
			);
			name = LaunchScreen.storyboard;
			sourceTree = "<group>";
		};
/* End PBXVariantGroup section */

/* Begin XCBuildConfiguration section */
		0254B188296EEC4100B1AE29 /* Debug */ = {
			isa = XCBuildConfiguration;
			buildSettings = {
				ALWAYS_SEARCH_USER_PATHS = NO;
				CLANG_ANALYZER_NONNULL = YES;
				CLANG_ANALYZER_NUMBER_OBJECT_CONVERSION = YES_AGGRESSIVE;
				CLANG_CXX_LANGUAGE_STANDARD = "gnu++20";
				CLANG_ENABLE_MODULES = YES;
				CLANG_ENABLE_OBJC_ARC = YES;
				CLANG_ENABLE_OBJC_WEAK = YES;
				CLANG_WARN_BLOCK_CAPTURE_AUTORELEASING = YES;
				CLANG_WARN_BOOL_CONVERSION = YES;
				CLANG_WARN_COMMA = YES;
				CLANG_WARN_CONSTANT_CONVERSION = YES;
				CLANG_WARN_DEPRECATED_OBJC_IMPLEMENTATIONS = YES;
				CLANG_WARN_DIRECT_OBJC_ISA_USAGE = YES_ERROR;
				CLANG_WARN_DOCUMENTATION_COMMENTS = YES;
				CLANG_WARN_EMPTY_BODY = YES;
				CLANG_WARN_ENUM_CONVERSION = YES;
				CLANG_WARN_INFINITE_RECURSION = YES;
				CLANG_WARN_INT_CONVERSION = YES;
				CLANG_WARN_NON_LITERAL_NULL_CONVERSION = YES;
				CLANG_WARN_OBJC_IMPLICIT_RETAIN_SELF = YES;
				CLANG_WARN_OBJC_LITERAL_CONVERSION = YES;
				CLANG_WARN_OBJC_ROOT_CLASS = YES_ERROR;
				CLANG_WARN_QUOTED_INCLUDE_IN_FRAMEWORK_HEADER = YES;
				CLANG_WARN_RANGE_LOOP_ANALYSIS = YES;
				CLANG_WARN_STRICT_PROTOTYPES = YES;
				CLANG_WARN_SUSPICIOUS_MOVE = YES;
				CLANG_WARN_UNGUARDED_AVAILABILITY = YES_AGGRESSIVE;
				CLANG_WARN_UNREACHABLE_CODE = YES;
				CLANG_WARN__DUPLICATE_METHOD_MATCH = YES;
				COPY_PHASE_STRIP = NO;
				DEBUG_INFORMATION_FORMAT = dwarf;
				ENABLE_STRICT_OBJC_MSGSEND = YES;
				ENABLE_TESTABILITY = YES;
				GCC_C_LANGUAGE_STANDARD = gnu11;
				GCC_DYNAMIC_NO_PIC = NO;
				GCC_NO_COMMON_BLOCKS = YES;
				GCC_OPTIMIZATION_LEVEL = 0;
				GCC_PREPROCESSOR_DEFINITIONS = (
					"DEBUG=1",
					"$(inherited)",
				);
				GCC_WARN_64_TO_32_BIT_CONVERSION = YES;
				GCC_WARN_ABOUT_RETURN_TYPE = YES_ERROR;
				GCC_WARN_UNDECLARED_SELECTOR = YES;
				GCC_WARN_UNINITIALIZED_AUTOS = YES_AGGRESSIVE;
				GCC_WARN_UNUSED_FUNCTION = YES;
				GCC_WARN_UNUSED_VARIABLE = YES;
				IPHONEOS_DEPLOYMENT_TARGET = 16.2;
				MTL_ENABLE_DEBUG_INFO = INCLUDE_SOURCE;
				MTL_FAST_MATH = YES;
				ONLY_ACTIVE_ARCH = YES;
				SDKROOT = iphoneos;
			};
			name = Debug;
		};
		0254B189296EEC4100B1AE29 /* Release */ = {
			isa = XCBuildConfiguration;
			buildSettings = {
				ALWAYS_SEARCH_USER_PATHS = NO;
				CLANG_ANALYZER_NONNULL = YES;
				CLANG_ANALYZER_NUMBER_OBJECT_CONVERSION = YES_AGGRESSIVE;
				CLANG_CXX_LANGUAGE_STANDARD = "gnu++20";
				CLANG_ENABLE_MODULES = YES;
				CLANG_ENABLE_OBJC_ARC = YES;
				CLANG_ENABLE_OBJC_WEAK = YES;
				CLANG_WARN_BLOCK_CAPTURE_AUTORELEASING = YES;
				CLANG_WARN_BOOL_CONVERSION = YES;
				CLANG_WARN_COMMA = YES;
				CLANG_WARN_CONSTANT_CONVERSION = YES;
				CLANG_WARN_DEPRECATED_OBJC_IMPLEMENTATIONS = YES;
				CLANG_WARN_DIRECT_OBJC_ISA_USAGE = YES_ERROR;
				CLANG_WARN_DOCUMENTATION_COMMENTS = YES;
				CLANG_WARN_EMPTY_BODY = YES;
				CLANG_WARN_ENUM_CONVERSION = YES;
				CLANG_WARN_INFINITE_RECURSION = YES;
				CLANG_WARN_INT_CONVERSION = YES;
				CLANG_WARN_NON_LITERAL_NULL_CONVERSION = YES;
				CLANG_WARN_OBJC_IMPLICIT_RETAIN_SELF = YES;
				CLANG_WARN_OBJC_LITERAL_CONVERSION = YES;
				CLANG_WARN_OBJC_ROOT_CLASS = YES_ERROR;
				CLANG_WARN_QUOTED_INCLUDE_IN_FRAMEWORK_HEADER = YES;
				CLANG_WARN_RANGE_LOOP_ANALYSIS = YES;
				CLANG_WARN_STRICT_PROTOTYPES = YES;
				CLANG_WARN_SUSPICIOUS_MOVE = YES;
				CLANG_WARN_UNGUARDED_AVAILABILITY = YES_AGGRESSIVE;
				CLANG_WARN_UNREACHABLE_CODE = YES;
				CLANG_WARN__DUPLICATE_METHOD_MATCH = YES;
				COPY_PHASE_STRIP = NO;
				DEBUG_INFORMATION_FORMAT = "dwarf-with-dsym";
				ENABLE_NS_ASSERTIONS = NO;
				ENABLE_STRICT_OBJC_MSGSEND = YES;
				GCC_C_LANGUAGE_STANDARD = gnu11;
				GCC_NO_COMMON_BLOCKS = YES;
				GCC_WARN_64_TO_32_BIT_CONVERSION = YES;
				GCC_WARN_ABOUT_RETURN_TYPE = YES_ERROR;
				GCC_WARN_UNDECLARED_SELECTOR = YES;
				GCC_WARN_UNINITIALIZED_AUTOS = YES_AGGRESSIVE;
				GCC_WARN_UNUSED_FUNCTION = YES;
				GCC_WARN_UNUSED_VARIABLE = YES;
				IPHONEOS_DEPLOYMENT_TARGET = 16.2;
				MTL_ENABLE_DEBUG_INFO = NO;
				MTL_FAST_MATH = YES;
				SDKROOT = iphoneos;
				VALIDATE_PRODUCT = YES;
			};
			name = Release;
		};
		0254B18B296EEC4100B1AE29 /* Debug */ = {
			isa = XCBuildConfiguration;
			buildSettings = {
				ASSETCATALOG_COMPILER_APPICON_NAME = AppIcon;
				ASSETCATALOG_COMPILER_GLOBAL_ACCENT_COLOR_NAME = AccentColor;
				CODE_SIGN_STYLE = Automatic;
				CURRENT_PROJECT_VERSION = 1;
				GENERATE_INFOPLIST_FILE = YES;
				INFOPLIST_FILE = ParseOBJ_dame/Info.plist;
				INFOPLIST_KEY_UIApplicationSupportsIndirectInputEvents = YES;
				INFOPLIST_KEY_UILaunchStoryboardName = LaunchScreen;
				INFOPLIST_KEY_UIMainStoryboardFile = Main;
				INFOPLIST_KEY_UISupportedInterfaceOrientations_iPad = "UIInterfaceOrientationPortrait UIInterfaceOrientationPortraitUpsideDown UIInterfaceOrientationLandscapeLeft UIInterfaceOrientationLandscapeRight";
				INFOPLIST_KEY_UISupportedInterfaceOrientations_iPhone = "UIInterfaceOrientationPortrait UIInterfaceOrientationLandscapeLeft UIInterfaceOrientationLandscapeRight";
				LD_RUNPATH_SEARCH_PATHS = (
					"$(inherited)",
					"@executable_path/Frameworks",
				);
				MARKETING_VERSION = 1.0;
				PRODUCT_BUNDLE_IDENTIFIER = "com.enhanceit.ParseOBJ-dame";
				PRODUCT_NAME = "$(TARGET_NAME)";
				SWIFT_EMIT_LOC_STRINGS = YES;
				TARGETED_DEVICE_FAMILY = "1,2";
			};
			name = Debug;
		};
		0254B18C296EEC4100B1AE29 /* Release */ = {
			isa = XCBuildConfiguration;
			buildSettings = {
				ASSETCATALOG_COMPILER_APPICON_NAME = AppIcon;
				ASSETCATALOG_COMPILER_GLOBAL_ACCENT_COLOR_NAME = AccentColor;
				CODE_SIGN_STYLE = Automatic;
				CURRENT_PROJECT_VERSION = 1;
				GENERATE_INFOPLIST_FILE = YES;
				INFOPLIST_FILE = ParseOBJ_dame/Info.plist;
				INFOPLIST_KEY_UIApplicationSupportsIndirectInputEvents = YES;
				INFOPLIST_KEY_UILaunchStoryboardName = LaunchScreen;
				INFOPLIST_KEY_UIMainStoryboardFile = Main;
				INFOPLIST_KEY_UISupportedInterfaceOrientations_iPad = "UIInterfaceOrientationPortrait UIInterfaceOrientationPortraitUpsideDown UIInterfaceOrientationLandscapeLeft UIInterfaceOrientationLandscapeRight";
				INFOPLIST_KEY_UISupportedInterfaceOrientations_iPhone = "UIInterfaceOrientationPortrait UIInterfaceOrientationLandscapeLeft UIInterfaceOrientationLandscapeRight";
				LD_RUNPATH_SEARCH_PATHS = (
					"$(inherited)",
					"@executable_path/Frameworks",
				);
				MARKETING_VERSION = 1.0;
				PRODUCT_BUNDLE_IDENTIFIER = "com.enhanceit.ParseOBJ-dame";
				PRODUCT_NAME = "$(TARGET_NAME)";
				SWIFT_EMIT_LOC_STRINGS = YES;
				TARGETED_DEVICE_FAMILY = "1,2";
			};
			name = Release;
		};
/* End XCBuildConfiguration section */

/* Begin XCConfigurationList section */
		0254B16C296EEC3F00B1AE29 /* Build configuration list for PBXProject "ParseOBJ_dame" */ = {
			isa = XCConfigurationList;
			buildConfigurations = (
				0254B188296EEC4100B1AE29 /* Debug */,
				0254B189296EEC4100B1AE29 /* Release */,
			);
			defaultConfigurationIsVisible = 0;
			defaultConfigurationName = Release;
		};
		0254B18A296EEC4100B1AE29 /* Build configuration list for PBXNativeTarget "ParseOBJ_dame" */ = {
			isa = XCConfigurationList;
			buildConfigurations = (
				0254B18B296EEC4100B1AE29 /* Debug */,
				0254B18C296EEC4100B1AE29 /* Release */,
			);
			defaultConfigurationIsVisible = 0;
			defaultConfigurationName = Release;
		};
/* End XCConfigurationList section */
	};
	rootObject = 0254B169296EEC3F00B1AE29 /* Project object */;
}
